
Microsoft Visual Studio Solution File, Format Version 12.00
# Visual Studio Version 16
VisualStudioVersion = 16.0.29306.81
MinimumVisualStudioVersion = 10.0.40219.1
Project("{FAE04EC0-301F-11D3-BF4B-00C04F79EFBC}") = "httpDownload", "httpDownload.csproj", "{3FFE15B5-F113-4674-BE78-D5F6FA15FF1A}"
EndProject
Global
	GlobalSection(SolutionConfigurationPlatforms) = preSolution
		Debug|Any CPU = Debug|Any CPU
		Release|Any CPU = Release|Any CPU
	EndGlobalSection
	GlobalSection(ProjectConfigurationPlatforms) = postSolution
		{3FFE15B5-F113-4674-BE78-D5F6FA15FF1A}.Debug|Any CPU.ActiveCfg = Debug|Any CPU
		{3FFE15B5-F113-4674-BE78-D5F6FA15FF1A}.Debug|Any CPU.Build.0 = Debug|Any CPU
		{3FFE15B5-F113-4674-BE78-D5F6FA15FF1A}.Release|Any CPU.ActiveCfg = Release|Any CPU
		{3FFE15B5-F113-4674-BE78-D5F6FA15FF1A}.Release|Any CPU.Build.0 = Release|Any CPU
	EndGlobalSection
	GlobalSection(SolutionProperties) = preSolution
		HideSolutionNode = FALSE
	EndGlobalSection
	GlobalSection(ExtensibilityGlobals) = postSolution
		SolutionGuid = {4CBA7FB6-DC5B-4655-BDC4-C926CCA1059E}
	EndGlobalSection
EndGlobal
